// !$*UTF8*$!
{
	archiveVersion = 1;
	classes = {
	};
	objectVersion = 56;
	objects = {

/* Begin PBXBuildFile section */
		1C4F04B22A07EC7700FA8318 /* HDrinkTrackerApp.swift in Sources */ = {isa = PBXBuildFile; fileRef = 1C4F04B12A07EC7700FA8318 /* HDrinkTrackerApp.swift */; };
		1C4F04B42A07EC7700FA8318 /* AddDrinkView.swift in Sources */ = {isa = PBXBuildFile; fileRef = 1C4F04B32A07EC7700FA8318 /* AddDrinkView.swift */; };
		1C4F04B62A07EC7800FA8318 /* Assets.xcassets in Resources */ = {isa = PBXBuildFile; fileRef = 1C4F04B52A07EC7800FA8318 /* Assets.xcassets */; };
		1C4F04B92A07EC7800FA8318 /* Preview Assets.xcassets in Resources */ = {isa = PBXBuildFile; fileRef = 1C4F04B82A07EC7800FA8318 /* Preview Assets.xcassets */; };
		1C4F04CD2A07EC7800FA8318 /* HDrinkTrackerUITests.swift in Sources */ = {isa = PBXBuildFile; fileRef = 1C4F04CC2A07EC7800FA8318 /* HDrinkTrackerUITests.swift */; };
		1C4F04CF2A07EC7800FA8318 /* HDrinkTrackerUITestsLaunchTests.swift in Sources */ = {isa = PBXBuildFile; fileRef = 1C4F04CE2A07EC7800FA8318 /* HDrinkTrackerUITestsLaunchTests.swift */; };
		1C4F04DF2A07ED9C00FA8318 /* AddDrinkViewModel.swift in Sources */ = {isa = PBXBuildFile; fileRef = 1C4F04DE2A07ED9C00FA8318 /* AddDrinkViewModel.swift */; };
		1C4F04E12A07EDA800FA8318 /* DrinkModel.swift in Sources */ = {isa = PBXBuildFile; fileRef = 1C4F04E02A07EDA800FA8318 /* DrinkModel.swift */; };
		1C4F04E42A07EDCF00FA8318 /* AddDrinkViewModelTests.swift in Sources */ = {isa = PBXBuildFile; fileRef = 1C4F04E32A07EDCF00FA8318 /* AddDrinkViewModelTests.swift */; };
/* End PBXBuildFile section */

/* Begin PBXContainerItemProxy section */
		1C4F04BF2A07EC7800FA8318 /* PBXContainerItemProxy */ = {
			isa = PBXContainerItemProxy;
			containerPortal = 1C4F04A62A07EC7700FA8318 /* Project object */;
			proxyType = 1;
			remoteGlobalIDString = 1C4F04AD2A07EC7700FA8318;
			remoteInfo = HDrinkTracker;
		};
		1C4F04C92A07EC7800FA8318 /* PBXContainerItemProxy */ = {
			isa = PBXContainerItemProxy;
			containerPortal = 1C4F04A62A07EC7700FA8318 /* Project object */;
			proxyType = 1;
			remoteGlobalIDString = 1C4F04AD2A07EC7700FA8318;
			remoteInfo = HDrinkTracker;
		};
/* End PBXContainerItemProxy section */

/* Begin PBXFileReference section */
		1C4F04AE2A07EC7700FA8318 /* HDrinkTracker.app */ = {isa = PBXFileReference; explicitFileType = wrapper.application; includeInIndex = 0; path = HDrinkTracker.app; sourceTree = BUILT_PRODUCTS_DIR; };
		1C4F04B12A07EC7700FA8318 /* HDrinkTrackerApp.swift */ = {isa = PBXFileReference; lastKnownFileType = sourcecode.swift; path = HDrinkTrackerApp.swift; sourceTree = "<group>"; };
		1C4F04B32A07EC7700FA8318 /* AddDrinkView.swift */ = {isa = PBXFileReference; lastKnownFileType = sourcecode.swift; path = AddDrinkView.swift; sourceTree = "<group>"; };
		1C4F04B52A07EC7800FA8318 /* Assets.xcassets */ = {isa = PBXFileReference; lastKnownFileType = folder.assetcatalog; path = Assets.xcassets; sourceTree = "<group>"; };
		1C4F04B82A07EC7800FA8318 /* Preview Assets.xcassets */ = {isa = PBXFileReference; lastKnownFileType = folder.assetcatalog; path = "Preview Assets.xcassets"; sourceTree = "<group>"; };
		1C4F04BE2A07EC7800FA8318 /* HDrinkTrackerTests.xctest */ = {isa = PBXFileReference; explicitFileType = wrapper.cfbundle; includeInIndex = 0; path = HDrinkTrackerTests.xctest; sourceTree = BUILT_PRODUCTS_DIR; };
		1C4F04C82A07EC7800FA8318 /* HDrinkTrackerUITests.xctest */ = {isa = PBXFileReference; explicitFileType = wrapper.cfbundle; includeInIndex = 0; path = HDrinkTrackerUITests.xctest; sourceTree = BUILT_PRODUCTS_DIR; };
		1C4F04CC2A07EC7800FA8318 /* HDrinkTrackerUITests.swift */ = {isa = PBXFileReference; lastKnownFileType = sourcecode.swift; path = HDrinkTrackerUITests.swift; sourceTree = "<group>"; };
		1C4F04CE2A07EC7800FA8318 /* HDrinkTrackerUITestsLaunchTests.swift */ = {isa = PBXFileReference; lastKnownFileType = sourcecode.swift; path = HDrinkTrackerUITestsLaunchTests.swift; sourceTree = "<group>"; };
		1C4F04DE2A07ED9C00FA8318 /* AddDrinkViewModel.swift */ = {isa = PBXFileReference; lastKnownFileType = sourcecode.swift; path = AddDrinkViewModel.swift; sourceTree = "<group>"; };
		1C4F04E02A07EDA800FA8318 /* DrinkModel.swift */ = {isa = PBXFileReference; lastKnownFileType = sourcecode.swift; path = DrinkModel.swift; sourceTree = "<group>"; };
		1C4F04E32A07EDCF00FA8318 /* AddDrinkViewModelTests.swift */ = {isa = PBXFileReference; lastKnownFileType = sourcecode.swift; path = AddDrinkViewModelTests.swift; sourceTree = "<group>"; };
/* End PBXFileReference section */

/* Begin PBXFrameworksBuildPhase section */
		1C4F04AB2A07EC7700FA8318 /* Frameworks */ = {
			isa = PBXFrameworksBuildPhase;
			buildActionMask = 2147483647;
			files = (
			);
			runOnlyForDeploymentPostprocessing = 0;
		};
		1C4F04BB2A07EC7800FA8318 /* Frameworks */ = {
			isa = PBXFrameworksBuildPhase;
			buildActionMask = 2147483647;
			files = (
			);
			runOnlyForDeploymentPostprocessing = 0;
		};
		1C4F04C52A07EC7800FA8318 /* Frameworks */ = {
			isa = PBXFrameworksBuildPhase;
			buildActionMask = 2147483647;
			files = (
			);
			runOnlyForDeploymentPostprocessing = 0;
		};
/* End PBXFrameworksBuildPhase section */

/* Begin PBXGroup section */
		1C4F04A52A07EC7700FA8318 = {
			isa = PBXGroup;
			children = (
				1C4F04B02A07EC7700FA8318 /* HDrinkTracker */,
				1C4F04C12A07EC7800FA8318 /* HDrinkTrackerTests */,
				1C4F04CB2A07EC7800FA8318 /* HDrinkTrackerUITests */,
				1C4F04AF2A07EC7700FA8318 /* Products */,
			);
			sourceTree = "<group>";
		};
		1C4F04AF2A07EC7700FA8318 /* Products */ = {
			isa = PBXGroup;
			children = (
				1C4F04AE2A07EC7700FA8318 /* HDrinkTracker.app */,
				1C4F04BE2A07EC7800FA8318 /* HDrinkTrackerTests.xctest */,
				1C4F04C82A07EC7800FA8318 /* HDrinkTrackerUITests.xctest */,
			);
			name = Products;
			sourceTree = "<group>";
		};
		1C4F04B02A07EC7700FA8318 /* HDrinkTracker */ = {
			isa = PBXGroup;
			children = (
				1C4F04DD2A07ED9400FA8318 /* Model */,
				1C4F04DC2A07ED8E00FA8318 /* ViewModel */,
				1C4F04DB2A07ED8900FA8318 /* Screens */,
				1C4F04B12A07EC7700FA8318 /* HDrinkTrackerApp.swift */,
				1C4F04B52A07EC7800FA8318 /* Assets.xcassets */,
				1C4F04B72A07EC7800FA8318 /* Preview Content */,
			);
			path = HDrinkTracker;
			sourceTree = "<group>";
		};
		1C4F04B72A07EC7800FA8318 /* Preview Content */ = {
			isa = PBXGroup;
			children = (
				1C4F04B82A07EC7800FA8318 /* Preview Assets.xcassets */,
			);
			path = "Preview Content";
			sourceTree = "<group>";
		};
		1C4F04C12A07EC7800FA8318 /* HDrinkTrackerTests */ = {
			isa = PBXGroup;
			children = (
				1C4F04E22A07EDC000FA8318 /* ViewModelTests */,
			);
			path = HDrinkTrackerTests;
			sourceTree = "<group>";
		};
		1C4F04CB2A07EC7800FA8318 /* HDrinkTrackerUITests */ = {
			isa = PBXGroup;
			children = (
				1C4F04CC2A07EC7800FA8318 /* HDrinkTrackerUITests.swift */,
				1C4F04CE2A07EC7800FA8318 /* HDrinkTrackerUITestsLaunchTests.swift */,
			);
			path = HDrinkTrackerUITests;
			sourceTree = "<group>";
		};
		1C4F04DB2A07ED8900FA8318 /* Screens */ = {
			isa = PBXGroup;
			children = (
				1C4F04B32A07EC7700FA8318 /* AddDrinkView.swift */,
			);
			path = Screens;
			sourceTree = "<group>";
		};
		1C4F04DC2A07ED8E00FA8318 /* ViewModel */ = {
			isa = PBXGroup;
			children = (
				1C4F04DE2A07ED9C00FA8318 /* AddDrinkViewModel.swift */,
			);
			path = ViewModel;
			sourceTree = "<group>";
		};
		1C4F04DD2A07ED9400FA8318 /* Model */ = {
			isa = PBXGroup;
			children = (
				1C4F04E02A07EDA800FA8318 /* DrinkModel.swift */,
			);
			path = Model;
			sourceTree = "<group>";
		};
		1C4F04E22A07EDC000FA8318 /* ViewModelTests */ = {
			isa = PBXGroup;
			children = (
				1C4F04E32A07EDCF00FA8318 /* AddDrinkViewModelTests.swift */,
			);
			path = ViewModelTests;
			sourceTree = "<group>";
		};
/* End PBXGroup section */

/* Begin PBXNativeTarget section */
		1C4F04AD2A07EC7700FA8318 /* HDrinkTracker */ = {
			isa = PBXNativeTarget;
			buildConfigurationList = 1C4F04D22A07EC7800FA8318 /* Build configuration list for PBXNativeTarget "HDrinkTracker" */;
			buildPhases = (
				1C4F04AA2A07EC7700FA8318 /* Sources */,
				1C4F04AB2A07EC7700FA8318 /* Frameworks */,
				1C4F04AC2A07EC7700FA8318 /* Resources */,
			);
			buildRules = (
			);
			dependencies = (
			);
			name = HDrinkTracker;
			productName = HDrinkTracker;
			productReference = 1C4F04AE2A07EC7700FA8318 /* HDrinkTracker.app */;
			productType = "com.apple.product-type.application";
		};
		1C4F04BD2A07EC7800FA8318 /* HDrinkTrackerTests */ = {
			isa = PBXNativeTarget;
			buildConfigurationList = 1C4F04D52A07EC7800FA8318 /* Build configuration list for PBXNativeTarget "HDrinkTrackerTests" */;
			buildPhases = (
				1C4F04BA2A07EC7800FA8318 /* Sources */,
				1C4F04BB2A07EC7800FA8318 /* Frameworks */,
				1C4F04BC2A07EC7800FA8318 /* Resources */,
			);
			buildRules = (
			);
			dependencies = (
				1C4F04C02A07EC7800FA8318 /* PBXTargetDependency */,
			);
			name = HDrinkTrackerTests;
			productName = HDrinkTrackerTests;
			productReference = 1C4F04BE2A07EC7800FA8318 /* HDrinkTrackerTests.xctest */;
			productType = "com.apple.product-type.bundle.unit-test";
		};
		1C4F04C72A07EC7800FA8318 /* HDrinkTrackerUITests */ = {
			isa = PBXNativeTarget;
			buildConfigurationList = 1C4F04D82A07EC7800FA8318 /* Build configuration list for PBXNativeTarget "HDrinkTrackerUITests" */;
			buildPhases = (
				1C4F04C42A07EC7800FA8318 /* Sources */,
				1C4F04C52A07EC7800FA8318 /* Frameworks */,
				1C4F04C62A07EC7800FA8318 /* Resources */,
			);
			buildRules = (
			);
			dependencies = (
				1C4F04CA2A07EC7800FA8318 /* PBXTargetDependency */,
			);
			name = HDrinkTrackerUITests;
			productName = HDrinkTrackerUITests;
			productReference = 1C4F04C82A07EC7800FA8318 /* HDrinkTrackerUITests.xctest */;
			productType = "com.apple.product-type.bundle.ui-testing";
		};
/* End PBXNativeTarget section */

/* Begin PBXProject section */
		1C4F04A62A07EC7700FA8318 /* Project object */ = {
			isa = PBXProject;
			attributes = {
				BuildIndependentTargetsInParallel = 1;
				LastSwiftUpdateCheck = 1420;
				LastUpgradeCheck = 1420;
				TargetAttributes = {
					1C4F04AD2A07EC7700FA8318 = {
						CreatedOnToolsVersion = 14.2;
					};
					1C4F04BD2A07EC7800FA8318 = {
						CreatedOnToolsVersion = 14.2;
						LastSwiftMigration = 1420;
						TestTargetID = 1C4F04AD2A07EC7700FA8318;
					};
					1C4F04C72A07EC7800FA8318 = {
						CreatedOnToolsVersion = 14.2;
						TestTargetID = 1C4F04AD2A07EC7700FA8318;
					};
				};
			};
			buildConfigurationList = 1C4F04A92A07EC7700FA8318 /* Build configuration list for PBXProject "HDrinkTracker" */;
			compatibilityVersion = "Xcode 14.0";
			developmentRegion = en;
			hasScannedForEncodings = 0;
			knownRegions = (
				en,
				Base,
			);
			mainGroup = 1C4F04A52A07EC7700FA8318;
			productRefGroup = 1C4F04AF2A07EC7700FA8318 /* Products */;
			projectDirPath = "";
			projectRoot = "";
			targets = (
				1C4F04AD2A07EC7700FA8318 /* HDrinkTracker */,
				1C4F04BD2A07EC7800FA8318 /* HDrinkTrackerTests */,
				1C4F04C72A07EC7800FA8318 /* HDrinkTrackerUITests */,
			);
		};
/* End PBXProject section */

/* Begin PBXResourcesBuildPhase section */
		1C4F04AC2A07EC7700FA8318 /* Resources */ = {
			isa = PBXResourcesBuildPhase;
			buildActionMask = 2147483647;
			files = (
				1C4F04B92A07EC7800FA8318 /* Preview Assets.xcassets in Resources */,
				1C4F04B62A07EC7800FA8318 /* Assets.xcassets in Resources */,
			);
			runOnlyForDeploymentPostprocessing = 0;
		};
		1C4F04BC2A07EC7800FA8318 /* Resources */ = {
			isa = PBXResourcesBuildPhase;
			buildActionMask = 2147483647;
			files = (
			);
			runOnlyForDeploymentPostprocessing = 0;
		};
		1C4F04C62A07EC7800FA8318 /* Resources */ = {
			isa = PBXResourcesBuildPhase;
			buildActionMask = 2147483647;
			files = (
			);
			runOnlyForDeploymentPostprocessing = 0;
		};
/* End PBXResourcesBuildPhase section */

/* Begin PBXSourcesBuildPhase section */
		1C4F04AA2A07EC7700FA8318 /* Sources */ = {
			isa = PBXSourcesBuildPhase;
			buildActionMask = 2147483647;
			files = (
				1C4F04E12A07EDA800FA8318 /* DrinkModel.swift in Sources */,
				1C4F04B42A07EC7700FA8318 /* AddDrinkView.swift in Sources */,
				1C4F04B22A07EC7700FA8318 /* HDrinkTrackerApp.swift in Sources */,
				1C4F04DF2A07ED9C00FA8318 /* AddDrinkViewModel.swift in Sources */,
			);
			runOnlyForDeploymentPostprocessing = 0;
		};
		1C4F04BA2A07EC7800FA8318 /* Sources */ = {
			isa = PBXSourcesBuildPhase;
			buildActionMask = 2147483647;
			files = (
				1C4F04E42A07EDCF00FA8318 /* AddDrinkViewModelTests.swift in Sources */,
			);
			runOnlyForDeploymentPostprocessing = 0;
		};
		1C4F04C42A07EC7800FA8318 /* Sources */ = {
			isa = PBXSourcesBuildPhase;
			buildActionMask = 2147483647;
			files = (
				1C4F04CD2A07EC7800FA8318 /* HDrinkTrackerUITests.swift in Sources */,
				1C4F04CF2A07EC7800FA8318 /* HDrinkTrackerUITestsLaunchTests.swift in Sources */,
			);
			runOnlyForDeploymentPostprocessing = 0;
		};
/* End PBXSourcesBuildPhase section */

/* Begin PBXTargetDependency section */
		1C4F04C02A07EC7800FA8318 /* PBXTargetDependency */ = {
			isa = PBXTargetDependency;
			target = 1C4F04AD2A07EC7700FA8318 /* HDrinkTracker */;
			targetProxy = 1C4F04BF2A07EC7800FA8318 /* PBXContainerItemProxy */;
		};
		1C4F04CA2A07EC7800FA8318 /* PBXTargetDependency */ = {
			isa = PBXTargetDependency;
			target = 1C4F04AD2A07EC7700FA8318 /* HDrinkTracker */;
			targetProxy = 1C4F04C92A07EC7800FA8318 /* PBXContainerItemProxy */;
		};
/* End PBXTargetDependency section */

/* Begin XCBuildConfiguration section */
		1C4F04D02A07EC7800FA8318 /* Debug */ = {
			isa = XCBuildConfiguration;
			buildSettings = {
				ALWAYS_SEARCH_USER_PATHS = NO;
				CLANG_ANALYZER_NONNULL = YES;
				CLANG_ANALYZER_NUMBER_OBJECT_CONVERSION = YES_AGGRESSIVE;
				CLANG_CXX_LANGUAGE_STANDARD = "gnu++20";
				CLANG_ENABLE_MODULES = YES;
				CLANG_ENABLE_OBJC_ARC = YES;
				CLANG_ENABLE_OBJC_WEAK = YES;
				CLANG_WARN_BLOCK_CAPTURE_AUTORELEASING = YES;
				CLANG_WARN_BOOL_CONVERSION = YES;
				CLANG_WARN_COMMA = YES;
				CLANG_WARN_CONSTANT_CONVERSION = YES;
				CLANG_WARN_DEPRECATED_OBJC_IMPLEMENTATIONS = YES;
				CLANG_WARN_DIRECT_OBJC_ISA_USAGE = YES_ERROR;
				CLANG_WARN_DOCUMENTATION_COMMENTS = YES;
				CLANG_WARN_EMPTY_BODY = YES;
				CLANG_WARN_ENUM_CONVERSION = YES;
				CLANG_WARN_INFINITE_RECURSION = YES;
				CLANG_WARN_INT_CONVERSION = YES;
				CLANG_WARN_NON_LITERAL_NULL_CONVERSION = YES;
				CLANG_WARN_OBJC_IMPLICIT_RETAIN_SELF = YES;
				CLANG_WARN_OBJC_LITERAL_CONVERSION = YES;
				CLANG_WARN_OBJC_ROOT_CLASS = YES_ERROR;
				CLANG_WARN_QUOTED_INCLUDE_IN_FRAMEWORK_HEADER = YES;
				CLANG_WARN_RANGE_LOOP_ANALYSIS = YES;
				CLANG_WARN_STRICT_PROTOTYPES = YES;
				CLANG_WARN_SUSPICIOUS_MOVE = YES;
				CLANG_WARN_UNGUARDED_AVAILABILITY = YES_AGGRESSIVE;
				CLANG_WARN_UNREACHABLE_CODE = YES;
				CLANG_WARN__DUPLICATE_METHOD_MATCH = YES;
				COPY_PHASE_STRIP = NO;
				DEBUG_INFORMATION_FORMAT = dwarf;
				ENABLE_STRICT_OBJC_MSGSEND = YES;
				ENABLE_TESTABILITY = YES;
				GCC_C_LANGUAGE_STANDARD = gnu11;
				GCC_DYNAMIC_NO_PIC = NO;
				GCC_NO_COMMON_BLOCKS = YES;
				GCC_OPTIMIZATION_LEVEL = 0;
				GCC_PREPROCESSOR_DEFINITIONS = (
					"DEBUG=1",
					"$(inherited)",
				);
				GCC_WARN_64_TO_32_BIT_CONVERSION = YES;
				GCC_WARN_ABOUT_RETURN_TYPE = YES_ERROR;
				GCC_WARN_UNDECLARED_SELECTOR = YES;
				GCC_WARN_UNINITIALIZED_AUTOS = YES_AGGRESSIVE;
				GCC_WARN_UNUSED_FUNCTION = YES;
				GCC_WARN_UNUSED_VARIABLE = YES;
				IPHONEOS_DEPLOYMENT_TARGET = 16.2;
				MTL_ENABLE_DEBUG_INFO = INCLUDE_SOURCE;
				MTL_FAST_MATH = YES;
				ONLY_ACTIVE_ARCH = YES;
				SDKROOT = iphoneos;
				SWIFT_ACTIVE_COMPILATION_CONDITIONS = DEBUG;
				SWIFT_OPTIMIZATION_LEVEL = "-Onone";
			};
			name = Debug;
		};
		1C4F04D12A07EC7800FA8318 /* Release */ = {
			isa = XCBuildConfiguration;
			buildSettings = {
				ALWAYS_SEARCH_USER_PATHS = NO;
				CLANG_ANALYZER_NONNULL = YES;
				CLANG_ANALYZER_NUMBER_OBJECT_CONVERSION = YES_AGGRESSIVE;
				CLANG_CXX_LANGUAGE_STANDARD = "gnu++20";
				CLANG_ENABLE_MODULES = YES;
				CLANG_ENABLE_OBJC_ARC = YES;
				CLANG_ENABLE_OBJC_WEAK = YES;
				CLANG_WARN_BLOCK_CAPTURE_AUTORELEASING = YES;
				CLANG_WARN_BOOL_CONVERSION = YES;
				CLANG_WARN_COMMA = YES;
				CLANG_WARN_CONSTANT_CONVERSION = YES;
				CLANG_WARN_DEPRECATED_OBJC_IMPLEMENTATIONS = YES;
				CLANG_WARN_DIRECT_OBJC_ISA_USAGE = YES_ERROR;
				CLANG_WARN_DOCUMENTATION_COMMENTS = YES;
				CLANG_WARN_EMPTY_BODY = YES;
				CLANG_WARN_ENUM_CONVERSION = YES;
				CLANG_WARN_INFINITE_RECURSION = YES;
				CLANG_WARN_INT_CONVERSION = YES;
				CLANG_WARN_NON_LITERAL_NULL_CONVERSION = YES;
				CLANG_WARN_OBJC_IMPLICIT_RETAIN_SELF = YES;
				CLANG_WARN_OBJC_LITERAL_CONVERSION = YES;
				CLANG_WARN_OBJC_ROOT_CLASS = YES_ERROR;
				CLANG_WARN_QUOTED_INCLUDE_IN_FRAMEWORK_HEADER = YES;
				CLANG_WARN_RANGE_LOOP_ANALYSIS = YES;
				CLANG_WARN_STRICT_PROTOTYPES = YES;
				CLANG_WARN_SUSPICIOUS_MOVE = YES;
				CLANG_WARN_UNGUARDED_AVAILABILITY = YES_AGGRESSIVE;
				CLANG_WARN_UNREACHABLE_CODE = YES;
				CLANG_WARN__DUPLICATE_METHOD_MATCH = YES;
				COPY_PHASE_STRIP = NO;
				DEBUG_INFORMATION_FORMAT = "dwarf-with-dsym";
				ENABLE_NS_ASSERTIONS = NO;
				ENABLE_STRICT_OBJC_MSGSEND = YES;
				GCC_C_LANGUAGE_STANDARD = gnu11;
				GCC_NO_COMMON_BLOCKS = YES;
				GCC_WARN_64_TO_32_BIT_CONVERSION = YES;
				GCC_WARN_ABOUT_RETURN_TYPE = YES_ERROR;
				GCC_WARN_UNDECLARED_SELECTOR = YES;
				GCC_WARN_UNINITIALIZED_AUTOS = YES_AGGRESSIVE;
				GCC_WARN_UNUSED_FUNCTION = YES;
				GCC_WARN_UNUSED_VARIABLE = YES;
				IPHONEOS_DEPLOYMENT_TARGET = 16.2;
				MTL_ENABLE_DEBUG_INFO = NO;
				MTL_FAST_MATH = YES;
				SDKROOT = iphoneos;
				SWIFT_COMPILATION_MODE = wholemodule;
				SWIFT_OPTIMIZATION_LEVEL = "-O";
				VALIDATE_PRODUCT = YES;
			};
			name = Release;
		};
		1C4F04D32A07EC7800FA8318 /* Debug */ = {
			isa = XCBuildConfiguration;
			buildSettings = {
				ASSETCATALOG_COMPILER_APPICON_NAME = AppIcon;
				ASSETCATALOG_COMPILER_GLOBAL_ACCENT_COLOR_NAME = AccentColor;
				CODE_SIGN_STYLE = Automatic;
				CURRENT_PROJECT_VERSION = 1;
				DEVELOPMENT_ASSET_PATHS = "\"HDrinkTracker/Preview Content\"";
				DEVELOPMENT_TEAM = 6RC2G4MTCN;
				ENABLE_PREVIEWS = YES;
				GENERATE_INFOPLIST_FILE = YES;
				INFOPLIST_KEY_UIApplicationSceneManifest_Generation = YES;
				INFOPLIST_KEY_UIApplicationSupportsIndirectInputEvents = YES;
				INFOPLIST_KEY_UILaunchScreen_Generation = YES;
				INFOPLIST_KEY_UISupportedInterfaceOrientations_iPad = "UIInterfaceOrientationPortrait UIInterfaceOrientationPortraitUpsideDown UIInterfaceOrientationLandscapeLeft UIInterfaceOrientationLandscapeRight";
				INFOPLIST_KEY_UISupportedInterfaceOrientations_iPhone = "UIInterfaceOrientationPortrait UIInterfaceOrientationLandscapeLeft UIInterfaceOrientationLandscapeRight";
				LD_RUNPATH_SEARCH_PATHS = (
					"$(inherited)",
					"@executable_path/Frameworks",
				);
				MARKETING_VERSION = 1.0;
				PRODUCT_BUNDLE_IDENTIFIER = homayun.HDrinkTracker;
				PRODUCT_NAME = "$(TARGET_NAME)";
				SWIFT_EMIT_LOC_STRINGS = YES;
				SWIFT_VERSION = 5.0;
				TARGETED_DEVICE_FAMILY = "1,2";
			};
			name = Debug;
		};
		1C4F04D42A07EC7800FA8318 /* Release */ = {
			isa = XCBuildConfiguration;
			buildSettings = {
				ASSETCATALOG_COMPILER_APPICON_NAME = AppIcon;
				ASSETCATALOG_COMPILER_GLOBAL_ACCENT_COLOR_NAME = AccentColor;
				CODE_SIGN_STYLE = Automatic;
				CURRENT_PROJECT_VERSION = 1;
				DEVELOPMENT_ASSET_PATHS = "\"HDrinkTracker/Preview Content\"";
				DEVELOPMENT_TEAM = 6RC2G4MTCN;
				ENABLE_PREVIEWS = YES;
				GENERATE_INFOPLIST_FILE = YES;
				INFOPLIST_KEY_UIApplicationSceneManifest_Generation = YES;
				INFOPLIST_KEY_UIApplicationSupportsIndirectInputEvents = YES;
				INFOPLIST_KEY_UILaunchScreen_Generation = YES;
				INFOPLIST_KEY_UISupportedInterfaceOrientations_iPad = "UIInterfaceOrientationPortrait UIInterfaceOrientationPortraitUpsideDown UIInterfaceOrientationLandscapeLeft UIInterfaceOrientationLandscapeRight";
				INFOPLIST_KEY_UISupportedInterfaceOrientations_iPhone = "UIInterfaceOrientationPortrait UIInterfaceOrientationLandscapeLeft UIInterfaceOrientationLandscapeRight";
				LD_RUNPATH_SEARCH_PATHS = (
					"$(inherited)",
					"@executable_path/Frameworks",
				);
				MARKETING_VERSION = 1.0;
				PRODUCT_BUNDLE_IDENTIFIER = homayun.HDrinkTracker;
				PRODUCT_NAME = "$(TARGET_NAME)";
				SWIFT_EMIT_LOC_STRINGS = YES;
				SWIFT_VERSION = 5.0;
				TARGETED_DEVICE_FAMILY = "1,2";
			};
			name = Release;
		};
		1C4F04D62A07EC7800FA8318 /* Debug */ = {
			isa = XCBuildConfiguration;
			buildSettings = {
				ALWAYS_EMBED_SWIFT_STANDARD_LIBRARIES = YES;
				BUNDLE_LOADER = "$(TEST_HOST)";
				CLANG_ENABLE_MODULES = YES;
				CODE_SIGN_STYLE = Automatic;
				CURRENT_PROJECT_VERSION = 1;
				DEVELOPMENT_TEAM = 6RC2G4MTCN;
				GENERATE_INFOPLIST_FILE = YES;
				IPHONEOS_DEPLOYMENT_TARGET = 16.2;
				LD_RUNPATH_SEARCH_PATHS = (
					"$(inherited)",
					"@executable_path/Frameworks",
					"@loader_path/Frameworks",
				);
				MARKETING_VERSION = 1.0;
				PRODUCT_BUNDLE_IDENTIFIER = homayun.HDrinkTrackerTests;
				PRODUCT_NAME = "$(TARGET_NAME)";
				SWIFT_EMIT_LOC_STRINGS = NO;
				SWIFT_OPTIMIZATION_LEVEL = "-Onone";
				SWIFT_VERSION = 5.0;
				TARGETED_DEVICE_FAMILY = "1,2";
				TEST_HOST = "$(BUILT_PRODUCTS_DIR)/HDrinkTracker.app/$(BUNDLE_EXECUTABLE_FOLDER_PATH)/HDrinkTracker";
			};
			name = Debug;
		};
		1C4F04D72A07EC7800FA8318 /* Release */ = {
			isa = XCBuildConfiguration;
			buildSettings = {
				ALWAYS_EMBED_SWIFT_STANDARD_LIBRARIES = YES;
				BUNDLE_LOADER = "$(TEST_HOST)";
				CLANG_ENABLE_MODULES = YES;
				CODE_SIGN_STYLE = Automatic;
				CURRENT_PROJECT_VERSION = 1;
				DEVELOPMENT_TEAM = 6RC2G4MTCN;
				GENERATE_INFOPLIST_FILE = YES;
				IPHONEOS_DEPLOYMENT_TARGET = 16.2;
				LD_RUNPATH_SEARCH_PATHS = (
					"$(inherited)",
					"@executable_path/Frameworks",
					"@loader_path/Frameworks",
				);
				MARKETING_VERSION = 1.0;
				PRODUCT_BUNDLE_IDENTIFIER = homayun.HDrinkTrackerTests;
				PRODUCT_NAME = "$(TARGET_NAME)";
				SWIFT_EMIT_LOC_STRINGS = NO;
				SWIFT_VERSION = 5.0;
				TARGETED_DEVICE_FAMILY = "1,2";
				TEST_HOST = "$(BUILT_PRODUCTS_DIR)/HDrinkTracker.app/$(BUNDLE_EXECUTABLE_FOLDER_PATH)/HDrinkTracker";
			};
			name = Release;
		};
		1C4F04D92A07EC7800FA8318 /* Debug */ = {
			isa = XCBuildConfiguration;
			buildSettings = {
				ALWAYS_EMBED_SWIFT_STANDARD_LIBRARIES = YES;
				CODE_SIGN_STYLE = Automatic;
				CURRENT_PROJECT_VERSION = 1;
				DEVELOPMENT_TEAM = 6RC2G4MTCN;
				GENERATE_INFOPLIST_FILE = YES;
				MARKETING_VERSION = 1.0;
				PRODUCT_BUNDLE_IDENTIFIER = homayun.HDrinkTrackerUITests;
				PRODUCT_NAME = "$(TARGET_NAME)";
				SWIFT_EMIT_LOC_STRINGS = NO;
				SWIFT_VERSION = 5.0;
				TARGETED_DEVICE_FAMILY = "1,2";
				TEST_TARGET_NAME = HDrinkTracker;
			};
			name = Debug;
		};
		1C4F04DA2A07EC7800FA8318 /* Release */ = {
			isa = XCBuildConfiguration;
			buildSettings = {
				ALWAYS_EMBED_SWIFT_STANDARD_LIBRARIES = YES;
				CODE_SIGN_STYLE = Automatic;
				CURRENT_PROJECT_VERSION = 1;
				DEVELOPMENT_TEAM = 6RC2G4MTCN;
				GENERATE_INFOPLIST_FILE = YES;
				MARKETING_VERSION = 1.0;
				PRODUCT_BUNDLE_IDENTIFIER = homayun.HDrinkTrackerUITests;
				PRODUCT_NAME = "$(TARGET_NAME)";
				SWIFT_EMIT_LOC_STRINGS = NO;
				SWIFT_VERSION = 5.0;
				TARGETED_DEVICE_FAMILY = "1,2";
				TEST_TARGET_NAME = HDrinkTracker;
			};
			name = Release;
		};
/* End XCBuildConfiguration section */

/* Begin XCConfigurationList section */
		1C4F04A92A07EC7700FA8318 /* Build configuration list for PBXProject "HDrinkTracker" */ = {
			isa = XCConfigurationList;
			buildConfigurations = (
				1C4F04D02A07EC7800FA8318 /* Debug */,
				1C4F04D12A07EC7800FA8318 /* Release */,
			);
			defaultConfigurationIsVisible = 0;
			defaultConfigurationName = Release;
		};
		1C4F04D22A07EC7800FA8318 /* Build configuration list for PBXNativeTarget "HDrinkTracker" */ = {
			isa = XCConfigurationList;
			buildConfigurations = (
				1C4F04D32A07EC7800FA8318 /* Debug */,
				1C4F04D42A07EC7800FA8318 /* Release */,
			);
			defaultConfigurationIsVisible = 0;
			defaultConfigurationName = Release;
		};
		1C4F04D52A07EC7800FA8318 /* Build configuration list for PBXNativeTarget "HDrinkTrackerTests" */ = {
			isa = XCConfigurationList;
			buildConfigurations = (
				1C4F04D62A07EC7800FA8318 /* Debug */,
				1C4F04D72A07EC7800FA8318 /* Release */,
			);
			defaultConfigurationIsVisible = 0;
			defaultConfigurationName = Release;
		};
		1C4F04D82A07EC7800FA8318 /* Build configuration list for PBXNativeTarget "HDrinkTrackerUITests" */ = {
			isa = XCConfigurationList;
			buildConfigurations = (
				1C4F04D92A07EC7800FA8318 /* Debug */,
				1C4F04DA2A07EC7800FA8318 /* Release */,
			);
			defaultConfigurationIsVisible = 0;
			defaultConfigurationName = Release;
		};
/* End XCConfigurationList section */
	};
	rootObject = 1C4F04A62A07EC7700FA8318 /* Project object */;
}
